
Microsoft Visual Studio Solution File, Format Version 12.00
# Visual Studio Version 16
VisualStudioVersion = 16.0.29009.5
MinimumVisualStudioVersion = 10.0.40219.1
Project("{FAE04EC0-301F-11D3-BF4B-00C04F79EFBC}") = "PracticeSession", "PracticeSession\PracticeSession.csproj", "{40646B2A-2032-4B77-BB55-721B958FD182}"
EndProject
Project("{FAE04EC0-301F-11D3-BF4B-00C04F79EFBC}") = "PracticeSession.Tests", "PracticeSession.Tests\PracticeSession.Tests.csproj", "{59733D5F-E09C-4689-A7D7-D0360C109EF7}"
EndProject
Project("{FAE04EC0-301F-11D3-BF4B-00C04F79EFBC}") = "TestMvcApplication", "..\TestApplication\TestApplication\MvcApplication1\TestMvcApplication.csproj", "{6FE365FA-FF43-43A4-BBF2-C1C60F7FE34D}"
EndProject
Project("{FAE04EC0-301F-11D3-BF4B-00C04F79EFBC}") = "DesignPatterns", "DesignPatterns\DesignPatterns.csproj", "{CAD6F20E-DFF0-47ED-9601-37C145B2F30D}"
EndProject
Project("{FAE04EC0-301F-11D3-BF4B-00C04F79EFBC}") = "ConsoleApplication", "ConsoleApplication\ConsoleApplication.csproj", "{34F3ED22-0E33-4D51-BFB8-A57F06C0ACE4}"
EndProject
Project("{FAE04EC0-301F-11D3-BF4B-00C04F79EFBC}") = "Assignments", "Assignments\Assignments.csproj", "{E02F8C9A-9FCA-4A2F-BB75-41E17B03EDCB}"
EndProject
Project("{FAE04EC0-301F-11D3-BF4B-00C04F79EFBC}") = "WebApplication", "WebApplication\WebApplication.csproj", "{822D0F3F-AEB9-4EA0-AFC2-A742EDB4C0E5}"
EndProject
Project("{FAE04EC0-301F-11D3-BF4B-00C04F79EFBC}") = "WebApplication.Tests", "WebApplication.Tests\WebApplication.Tests.csproj", "{A33B573B-3A93-44B7-8D6B-E793609E1E99}"
EndProject
Project("{FAE04EC0-301F-11D3-BF4B-00C04F79EFBC}") = "Assignments.Test", "Assignments.Test\Assignments.Test.csproj", "{72D923FC-618A-4AA8-85D3-4232EBCFB9BE}"
EndProject
Project("{FAE04EC0-301F-11D3-BF4B-00C04F79EFBC}") = "WebApiApplication", "WebApiApplication\WebApiApplication.csproj", "{52E6E653-4A04-4EB6-9B7A-D8D2665FD2EF}"
EndProject
Project("{FAE04EC0-301F-11D3-BF4B-00C04F79EFBC}") = "WebApiApplication.Tests", "WebApiApplication.Tests\WebApiApplication.Tests.csproj", "{5FC80113-CFD4-4A4F-9F19-98DD575B5BED}"
EndProject
Project("{9A19103F-16F7-4668-BE54-9A1E7A4F7556}") = "LibraryForTestCase", "LibraryForTestCase\LibraryForTestCase.csproj", "{C8BC3B14-AFF3-4EA8-BA4D-28812C6F9128}"
EndProject
Project("{FAE04EC0-301F-11D3-BF4B-00C04F79EFBC}") = "TestLibraryForTestCase", "TestLibraryForTestCase\TestLibraryForTestCase.csproj", "{8C05B8A9-5E13-4277-B19D-95F53510E33E}"
EndProject
Project("{2150E333-8FDC-42A3-9474-1A3956D46DE8}") = "tests", "tests", "{0F171D2F-5C68-4027-B3D5-E2995D21A771}"
EndProject
Project("{2150E333-8FDC-42A3-9474-1A3956D46DE8}") = "src", "src", "{D2F52F6F-21C8-4A50-81B4-757875F3908E}"
EndProject
Project("{2150E333-8FDC-42A3-9474-1A3956D46DE8}") = "ScaffoldingProject", "ScaffoldingProject", "{DDAC856D-FFD2-4E1F-8437-35C01496184B}"
EndProject
Project("{FAE04EC0-301F-11D3-BF4B-00C04F79EFBC}") = "ApplicationInfrastructure", "src\ScaffoldingProject\ApplicationInfrastructure\ApplicationInfrastructure.csproj", "{9AC0FF07-1029-4BA2-AC4C-C1F631021055}"
EndProject
Project("{FAE04EC0-301F-11D3-BF4B-00C04F79EFBC}") = "MainConsole", "src\ScaffoldingProject\MainConsole\MainConsole.csproj", "{BC2EF941-B8B5-4C84-B48D-961FC21A94E3}"
EndProject
Project("{2150E333-8FDC-42A3-9474-1A3956D46DE8}") = "ScaffoldingProjectTests", "ScaffoldingProjectTests", "{4DDB8E12-0B58-4952-9FC0-C93544EC6A7C}"
EndProject
Project("{FAE04EC0-301F-11D3-BF4B-00C04F79EFBC}") = "ApplicationCore", "src\ScaffoldingProject\ApplicationCore\ApplicationCore.csproj", "{C11C7B73-FDAA-4AEE-9238-4A1376893F5B}"
EndProject
Project("{FAE04EC0-301F-11D3-BF4B-00C04F79EFBC}") = "ApplicationInfrastructureTest", "tests\ScaffoldingProjectTests\ApplicationInfrastructureTest\ApplicationInfrastructureTest.csproj", "{491D8FA8-29B7-4AD9-BABF-7596D2E33D4B}"
EndProject
Project("{FAE04EC0-301F-11D3-BF4B-00C04F79EFBC}") = "ApplicationCore45", "src\ScaffoldingProject\ApplicationCore45\ApplicationCore45.csproj", "{61845510-8AA3-4C03-9CC5-1AF252745B34}"
EndProject
Global
	GlobalSection(SolutionConfigurationPlatforms) = preSolution
		Debug|Any CPU = Debug|Any CPU
		Debug|Mixed Platforms = Debug|Mixed Platforms
		Debug|x86 = Debug|x86
		Release|Any CPU = Release|Any CPU
		Release|Mixed Platforms = Release|Mixed Platforms
		Release|x86 = Release|x86
	EndGlobalSection
	GlobalSection(ProjectConfigurationPlatforms) = postSolution
		{40646B2A-2032-4B77-BB55-721B958FD182}.Debug|Any CPU.ActiveCfg = Debug|Any CPU
		{40646B2A-2032-4B77-BB55-721B958FD182}.Debug|Any CPU.Build.0 = Debug|Any CPU
		{40646B2A-2032-4B77-BB55-721B958FD182}.Debug|Mixed Platforms.ActiveCfg = Debug|Any CPU
		{40646B2A-2032-4B77-BB55-721B958FD182}.Debug|Mixed Platforms.Build.0 = Debug|Any CPU
		{40646B2A-2032-4B77-BB55-721B958FD182}.Debug|x86.ActiveCfg = Debug|Any CPU
		{40646B2A-2032-4B77-BB55-721B958FD182}.Release|Any CPU.ActiveCfg = Release|Any CPU
		{40646B2A-2032-4B77-BB55-721B958FD182}.Release|Any CPU.Build.0 = Release|Any CPU
		{40646B2A-2032-4B77-BB55-721B958FD182}.Release|Mixed Platforms.ActiveCfg = Release|Any CPU
		{40646B2A-2032-4B77-BB55-721B958FD182}.Release|Mixed Platforms.Build.0 = Release|Any CPU
		{40646B2A-2032-4B77-BB55-721B958FD182}.Release|x86.ActiveCfg = Release|Any CPU
		{59733D5F-E09C-4689-A7D7-D0360C109EF7}.Debug|Any CPU.ActiveCfg = Debug|Any CPU
		{59733D5F-E09C-4689-A7D7-D0360C109EF7}.Debug|Any CPU.Build.0 = Debug|Any CPU
		{59733D5F-E09C-4689-A7D7-D0360C109EF7}.Debug|Mixed Platforms.ActiveCfg = Debug|Any CPU
		{59733D5F-E09C-4689-A7D7-D0360C109EF7}.Debug|Mixed Platforms.Build.0 = Debug|Any CPU
		{59733D5F-E09C-4689-A7D7-D0360C109EF7}.Debug|x86.ActiveCfg = Debug|Any CPU
		{59733D5F-E09C-4689-A7D7-D0360C109EF7}.Release|Any CPU.ActiveCfg = Release|Any CPU
		{59733D5F-E09C-4689-A7D7-D0360C109EF7}.Release|Any CPU.Build.0 = Release|Any CPU
		{59733D5F-E09C-4689-A7D7-D0360C109EF7}.Release|Mixed Platforms.ActiveCfg = Release|Any CPU
		{59733D5F-E09C-4689-A7D7-D0360C109EF7}.Release|Mixed Platforms.Build.0 = Release|Any CPU
		{59733D5F-E09C-4689-A7D7-D0360C109EF7}.Release|x86.ActiveCfg = Release|Any CPU
		{6FE365FA-FF43-43A4-BBF2-C1C60F7FE34D}.Debug|Any CPU.ActiveCfg = Debug|Any CPU
		{6FE365FA-FF43-43A4-BBF2-C1C60F7FE34D}.Debug|Any CPU.Build.0 = Debug|Any CPU
		{6FE365FA-FF43-43A4-BBF2-C1C60F7FE34D}.Debug|Mixed Platforms.ActiveCfg = Debug|Any CPU
		{6FE365FA-FF43-43A4-BBF2-C1C60F7FE34D}.Debug|Mixed Platforms.Build.0 = Debug|Any CPU
		{6FE365FA-FF43-43A4-BBF2-C1C60F7FE34D}.Debug|x86.ActiveCfg = Debug|Any CPU
		{6FE365FA-FF43-43A4-BBF2-C1C60F7FE34D}.Release|Any CPU.ActiveCfg = Release|Any CPU
		{6FE365FA-FF43-43A4-BBF2-C1C60F7FE34D}.Release|Any CPU.Build.0 = Release|Any CPU
		{6FE365FA-FF43-43A4-BBF2-C1C60F7FE34D}.Release|Mixed Platforms.ActiveCfg = Release|Any CPU
		{6FE365FA-FF43-43A4-BBF2-C1C60F7FE34D}.Release|Mixed Platforms.Build.0 = Release|Any CPU
		{6FE365FA-FF43-43A4-BBF2-C1C60F7FE34D}.Release|x86.ActiveCfg = Release|Any CPU
		{CAD6F20E-DFF0-47ED-9601-37C145B2F30D}.Debug|Any CPU.ActiveCfg = Debug|Any CPU
		{CAD6F20E-DFF0-47ED-9601-37C145B2F30D}.Debug|Any CPU.Build.0 = Debug|Any CPU
		{CAD6F20E-DFF0-47ED-9601-37C145B2F30D}.Debug|Mixed Platforms.ActiveCfg = Debug|Any CPU
		{CAD6F20E-DFF0-47ED-9601-37C145B2F30D}.Debug|Mixed Platforms.Build.0 = Debug|Any CPU
		{CAD6F20E-DFF0-47ED-9601-37C145B2F30D}.Debug|x86.ActiveCfg = Debug|Any CPU
		{CAD6F20E-DFF0-47ED-9601-37C145B2F30D}.Release|Any CPU.ActiveCfg = Release|Any CPU
		{CAD6F20E-DFF0-47ED-9601-37C145B2F30D}.Release|Any CPU.Build.0 = Release|Any CPU
		{CAD6F20E-DFF0-47ED-9601-37C145B2F30D}.Release|Mixed Platforms.ActiveCfg = Release|Any CPU
		{CAD6F20E-DFF0-47ED-9601-37C145B2F30D}.Release|Mixed Platforms.Build.0 = Release|Any CPU
		{CAD6F20E-DFF0-47ED-9601-37C145B2F30D}.Release|x86.ActiveCfg = Release|Any CPU
		{34F3ED22-0E33-4D51-BFB8-A57F06C0ACE4}.Debug|Any CPU.ActiveCfg = Debug|Any CPU
		{34F3ED22-0E33-4D51-BFB8-A57F06C0ACE4}.Debug|Any CPU.Build.0 = Debug|Any CPU
		{34F3ED22-0E33-4D51-BFB8-A57F06C0ACE4}.Debug|Mixed Platforms.ActiveCfg = Debug|Any CPU
		{34F3ED22-0E33-4D51-BFB8-A57F06C0ACE4}.Debug|Mixed Platforms.Build.0 = Debug|Any CPU
		{34F3ED22-0E33-4D51-BFB8-A57F06C0ACE4}.Debug|x86.ActiveCfg = Debug|Any CPU
		{34F3ED22-0E33-4D51-BFB8-A57F06C0ACE4}.Release|Any CPU.ActiveCfg = Release|Any CPU
		{34F3ED22-0E33-4D51-BFB8-A57F06C0ACE4}.Release|Any CPU.Build.0 = Release|Any CPU
		{34F3ED22-0E33-4D51-BFB8-A57F06C0ACE4}.Release|Mixed Platforms.ActiveCfg = Release|Any CPU
		{34F3ED22-0E33-4D51-BFB8-A57F06C0ACE4}.Release|Mixed Platforms.Build.0 = Release|Any CPU
		{34F3ED22-0E33-4D51-BFB8-A57F06C0ACE4}.Release|x86.ActiveCfg = Release|Any CPU
		{E02F8C9A-9FCA-4A2F-BB75-41E17B03EDCB}.Debug|Any CPU.ActiveCfg = Debug|Any CPU
		{E02F8C9A-9FCA-4A2F-BB75-41E17B03EDCB}.Debug|Any CPU.Build.0 = Debug|Any CPU
		{E02F8C9A-9FCA-4A2F-BB75-41E17B03EDCB}.Debug|Mixed Platforms.ActiveCfg = Debug|Any CPU
		{E02F8C9A-9FCA-4A2F-BB75-41E17B03EDCB}.Debug|Mixed Platforms.Build.0 = Debug|Any CPU
		{E02F8C9A-9FCA-4A2F-BB75-41E17B03EDCB}.Debug|x86.ActiveCfg = Debug|Any CPU
		{E02F8C9A-9FCA-4A2F-BB75-41E17B03EDCB}.Release|Any CPU.ActiveCfg = Release|Any CPU
		{E02F8C9A-9FCA-4A2F-BB75-41E17B03EDCB}.Release|Any CPU.Build.0 = Release|Any CPU
		{E02F8C9A-9FCA-4A2F-BB75-41E17B03EDCB}.Release|Mixed Platforms.ActiveCfg = Release|Any CPU
		{E02F8C9A-9FCA-4A2F-BB75-41E17B03EDCB}.Release|Mixed Platforms.Build.0 = Release|Any CPU
		{E02F8C9A-9FCA-4A2F-BB75-41E17B03EDCB}.Release|x86.ActiveCfg = Release|Any CPU
		{822D0F3F-AEB9-4EA0-AFC2-A742EDB4C0E5}.Debug|Any CPU.ActiveCfg = Debug|Any CPU
		{822D0F3F-AEB9-4EA0-AFC2-A742EDB4C0E5}.Debug|Any CPU.Build.0 = Debug|Any CPU
		{822D0F3F-AEB9-4EA0-AFC2-A742EDB4C0E5}.Debug|Mixed Platforms.ActiveCfg = Debug|Any CPU
		{822D0F3F-AEB9-4EA0-AFC2-A742EDB4C0E5}.Debug|Mixed Platforms.Build.0 = Debug|Any CPU
		{822D0F3F-AEB9-4EA0-AFC2-A742EDB4C0E5}.Debug|x86.ActiveCfg = Debug|Any CPU
		{822D0F3F-AEB9-4EA0-AFC2-A742EDB4C0E5}.Release|Any CPU.ActiveCfg = Release|Any CPU
		{822D0F3F-AEB9-4EA0-AFC2-A742EDB4C0E5}.Release|Any CPU.Build.0 = Release|Any CPU
		{822D0F3F-AEB9-4EA0-AFC2-A742EDB4C0E5}.Release|Mixed Platforms.ActiveCfg = Release|Any CPU
		{822D0F3F-AEB9-4EA0-AFC2-A742EDB4C0E5}.Release|Mixed Platforms.Build.0 = Release|Any CPU
		{822D0F3F-AEB9-4EA0-AFC2-A742EDB4C0E5}.Release|x86.ActiveCfg = Release|Any CPU
		{A33B573B-3A93-44B7-8D6B-E793609E1E99}.Debug|Any CPU.ActiveCfg = Debug|Any CPU
		{A33B573B-3A93-44B7-8D6B-E793609E1E99}.Debug|Any CPU.Build.0 = Debug|Any CPU
		{A33B573B-3A93-44B7-8D6B-E793609E1E99}.Debug|Mixed Platforms.ActiveCfg = Debug|Any CPU
		{A33B573B-3A93-44B7-8D6B-E793609E1E99}.Debug|Mixed Platforms.Build.0 = Debug|Any CPU
		{A33B573B-3A93-44B7-8D6B-E793609E1E99}.Debug|x86.ActiveCfg = Debug|Any CPU
		{A33B573B-3A93-44B7-8D6B-E793609E1E99}.Release|Any CPU.ActiveCfg = Release|Any CPU
		{A33B573B-3A93-44B7-8D6B-E793609E1E99}.Release|Any CPU.Build.0 = Release|Any CPU
		{A33B573B-3A93-44B7-8D6B-E793609E1E99}.Release|Mixed Platforms.ActiveCfg = Release|Any CPU
		{A33B573B-3A93-44B7-8D6B-E793609E1E99}.Release|Mixed Platforms.Build.0 = Release|Any CPU
		{A33B573B-3A93-44B7-8D6B-E793609E1E99}.Release|x86.ActiveCfg = Release|Any CPU
		{72D923FC-618A-4AA8-85D3-4232EBCFB9BE}.Debug|Any CPU.ActiveCfg = Debug|Any CPU
		{72D923FC-618A-4AA8-85D3-4232EBCFB9BE}.Debug|Any CPU.Build.0 = Debug|Any CPU
		{72D923FC-618A-4AA8-85D3-4232EBCFB9BE}.Debug|Mixed Platforms.ActiveCfg = Debug|Any CPU
		{72D923FC-618A-4AA8-85D3-4232EBCFB9BE}.Debug|Mixed Platforms.Build.0 = Debug|Any CPU
		{72D923FC-618A-4AA8-85D3-4232EBCFB9BE}.Debug|x86.ActiveCfg = Debug|Any CPU
		{72D923FC-618A-4AA8-85D3-4232EBCFB9BE}.Release|Any CPU.ActiveCfg = Release|Any CPU
		{72D923FC-618A-4AA8-85D3-4232EBCFB9BE}.Release|Any CPU.Build.0 = Release|Any CPU
		{72D923FC-618A-4AA8-85D3-4232EBCFB9BE}.Release|Mixed Platforms.ActiveCfg = Release|Any CPU
		{72D923FC-618A-4AA8-85D3-4232EBCFB9BE}.Release|Mixed Platforms.Build.0 = Release|Any CPU
		{72D923FC-618A-4AA8-85D3-4232EBCFB9BE}.Release|x86.ActiveCfg = Release|Any CPU
		{52E6E653-4A04-4EB6-9B7A-D8D2665FD2EF}.Debug|Any CPU.ActiveCfg = Debug|Any CPU
		{52E6E653-4A04-4EB6-9B7A-D8D2665FD2EF}.Debug|Any CPU.Build.0 = Debug|Any CPU
		{52E6E653-4A04-4EB6-9B7A-D8D2665FD2EF}.Debug|Mixed Platforms.ActiveCfg = Debug|Any CPU
		{52E6E653-4A04-4EB6-9B7A-D8D2665FD2EF}.Debug|Mixed Platforms.Build.0 = Debug|Any CPU
		{52E6E653-4A04-4EB6-9B7A-D8D2665FD2EF}.Debug|x86.ActiveCfg = Debug|Any CPU
		{52E6E653-4A04-4EB6-9B7A-D8D2665FD2EF}.Release|Any CPU.ActiveCfg = Release|Any CPU
		{52E6E653-4A04-4EB6-9B7A-D8D2665FD2EF}.Release|Any CPU.Build.0 = Release|Any CPU
		{52E6E653-4A04-4EB6-9B7A-D8D2665FD2EF}.Release|Mixed Platforms.ActiveCfg = Release|Any CPU
		{52E6E653-4A04-4EB6-9B7A-D8D2665FD2EF}.Release|Mixed Platforms.Build.0 = Release|Any CPU
		{52E6E653-4A04-4EB6-9B7A-D8D2665FD2EF}.Release|x86.ActiveCfg = Release|Any CPU
		{5FC80113-CFD4-4A4F-9F19-98DD575B5BED}.Debug|Any CPU.ActiveCfg = Debug|Any CPU
		{5FC80113-CFD4-4A4F-9F19-98DD575B5BED}.Debug|Any CPU.Build.0 = Debug|Any CPU
		{5FC80113-CFD4-4A4F-9F19-98DD575B5BED}.Debug|Mixed Platforms.ActiveCfg = Debug|Any CPU
		{5FC80113-CFD4-4A4F-9F19-98DD575B5BED}.Debug|Mixed Platforms.Build.0 = Debug|Any CPU
		{5FC80113-CFD4-4A4F-9F19-98DD575B5BED}.Debug|x86.ActiveCfg = Debug|Any CPU
		{5FC80113-CFD4-4A4F-9F19-98DD575B5BED}.Release|Any CPU.ActiveCfg = Release|Any CPU
		{5FC80113-CFD4-4A4F-9F19-98DD575B5BED}.Release|Any CPU.Build.0 = Release|Any CPU
		{5FC80113-CFD4-4A4F-9F19-98DD575B5BED}.Release|Mixed Platforms.ActiveCfg = Release|Any CPU
		{5FC80113-CFD4-4A4F-9F19-98DD575B5BED}.Release|Mixed Platforms.Build.0 = Release|Any CPU
		{5FC80113-CFD4-4A4F-9F19-98DD575B5BED}.Release|x86.ActiveCfg = Release|Any CPU
		{C8BC3B14-AFF3-4EA8-BA4D-28812C6F9128}.Debug|Any CPU.ActiveCfg = Debug|Any CPU
		{C8BC3B14-AFF3-4EA8-BA4D-28812C6F9128}.Debug|Any CPU.Build.0 = Debug|Any CPU
		{C8BC3B14-AFF3-4EA8-BA4D-28812C6F9128}.Debug|Mixed Platforms.ActiveCfg = Debug|Any CPU
		{C8BC3B14-AFF3-4EA8-BA4D-28812C6F9128}.Debug|Mixed Platforms.Build.0 = Debug|Any CPU
		{C8BC3B14-AFF3-4EA8-BA4D-28812C6F9128}.Debug|x86.ActiveCfg = Debug|Any CPU
		{C8BC3B14-AFF3-4EA8-BA4D-28812C6F9128}.Debug|x86.Build.0 = Debug|Any CPU
		{C8BC3B14-AFF3-4EA8-BA4D-28812C6F9128}.Release|Any CPU.ActiveCfg = Release|Any CPU
		{C8BC3B14-AFF3-4EA8-BA4D-28812C6F9128}.Release|Any CPU.Build.0 = Release|Any CPU
		{C8BC3B14-AFF3-4EA8-BA4D-28812C6F9128}.Release|Mixed Platforms.ActiveCfg = Release|Any CPU
		{C8BC3B14-AFF3-4EA8-BA4D-28812C6F9128}.Release|Mixed Platforms.Build.0 = Release|Any CPU
		{C8BC3B14-AFF3-4EA8-BA4D-28812C6F9128}.Release|x86.ActiveCfg = Release|Any CPU
		{C8BC3B14-AFF3-4EA8-BA4D-28812C6F9128}.Release|x86.Build.0 = Release|Any CPU
		{8C05B8A9-5E13-4277-B19D-95F53510E33E}.Debug|Any CPU.ActiveCfg = Debug|Any CPU
		{8C05B8A9-5E13-4277-B19D-95F53510E33E}.Debug|Any CPU.Build.0 = Debug|Any CPU
		{8C05B8A9-5E13-4277-B19D-95F53510E33E}.Debug|Mixed Platforms.ActiveCfg = Debug|Any CPU
		{8C05B8A9-5E13-4277-B19D-95F53510E33E}.Debug|Mixed Platforms.Build.0 = Debug|Any CPU
		{8C05B8A9-5E13-4277-B19D-95F53510E33E}.Debug|x86.ActiveCfg = Debug|Any CPU
		{8C05B8A9-5E13-4277-B19D-95F53510E33E}.Debug|x86.Build.0 = Debug|Any CPU
		{8C05B8A9-5E13-4277-B19D-95F53510E33E}.Release|Any CPU.ActiveCfg = Release|Any CPU
		{8C05B8A9-5E13-4277-B19D-95F53510E33E}.Release|Any CPU.Build.0 = Release|Any CPU
		{8C05B8A9-5E13-4277-B19D-95F53510E33E}.Release|Mixed Platforms.ActiveCfg = Release|Any CPU
		{8C05B8A9-5E13-4277-B19D-95F53510E33E}.Release|Mixed Platforms.Build.0 = Release|Any CPU
		{8C05B8A9-5E13-4277-B19D-95F53510E33E}.Release|x86.ActiveCfg = Release|Any CPU
		{8C05B8A9-5E13-4277-B19D-95F53510E33E}.Release|x86.Build.0 = Release|Any CPU
		{9AC0FF07-1029-4BA2-AC4C-C1F631021055}.Debug|Any CPU.ActiveCfg = Debug|Any CPU
		{9AC0FF07-1029-4BA2-AC4C-C1F631021055}.Debug|Any CPU.Build.0 = Debug|Any CPU
		{9AC0FF07-1029-4BA2-AC4C-C1F631021055}.Debug|Mixed Platforms.ActiveCfg = Debug|Any CPU
		{9AC0FF07-1029-4BA2-AC4C-C1F631021055}.Debug|Mixed Platforms.Build.0 = Debug|Any CPU
		{9AC0FF07-1029-4BA2-AC4C-C1F631021055}.Debug|x86.ActiveCfg = Debug|Any CPU
		{9AC0FF07-1029-4BA2-AC4C-C1F631021055}.Debug|x86.Build.0 = Debug|Any CPU
		{9AC0FF07-1029-4BA2-AC4C-C1F631021055}.Release|Any CPU.ActiveCfg = Release|Any CPU
		{9AC0FF07-1029-4BA2-AC4C-C1F631021055}.Release|Any CPU.Build.0 = Release|Any CPU
		{9AC0FF07-1029-4BA2-AC4C-C1F631021055}.Release|Mixed Platforms.ActiveCfg = Release|Any CPU
		{9AC0FF07-1029-4BA2-AC4C-C1F631021055}.Release|Mixed Platforms.Build.0 = Release|Any CPU
		{9AC0FF07-1029-4BA2-AC4C-C1F631021055}.Release|x86.ActiveCfg = Release|Any CPU
		{9AC0FF07-1029-4BA2-AC4C-C1F631021055}.Release|x86.Build.0 = Release|Any CPU
		{BC2EF941-B8B5-4C84-B48D-961FC21A94E3}.Debug|Any CPU.ActiveCfg = Debug|Any CPU
		{BC2EF941-B8B5-4C84-B48D-961FC21A94E3}.Debug|Any CPU.Build.0 = Debug|Any CPU
		{BC2EF941-B8B5-4C84-B48D-961FC21A94E3}.Debug|Mixed Platforms.ActiveCfg = Debug|Any CPU
		{BC2EF941-B8B5-4C84-B48D-961FC21A94E3}.Debug|Mixed Platforms.Build.0 = Debug|Any CPU
		{BC2EF941-B8B5-4C84-B48D-961FC21A94E3}.Debug|x86.ActiveCfg = Debug|Any CPU
		{BC2EF941-B8B5-4C84-B48D-961FC21A94E3}.Debug|x86.Build.0 = Debug|Any CPU
		{BC2EF941-B8B5-4C84-B48D-961FC21A94E3}.Release|Any CPU.ActiveCfg = Release|Any CPU
		{BC2EF941-B8B5-4C84-B48D-961FC21A94E3}.Release|Any CPU.Build.0 = Release|Any CPU
		{BC2EF941-B8B5-4C84-B48D-961FC21A94E3}.Release|Mixed Platforms.ActiveCfg = Release|Any CPU
		{BC2EF941-B8B5-4C84-B48D-961FC21A94E3}.Release|Mixed Platforms.Build.0 = Release|Any CPU
		{BC2EF941-B8B5-4C84-B48D-961FC21A94E3}.Release|x86.ActiveCfg = Release|Any CPU
		{BC2EF941-B8B5-4C84-B48D-961FC21A94E3}.Release|x86.Build.0 = Release|Any CPU
		{C11C7B73-FDAA-4AEE-9238-4A1376893F5B}.Debug|Any CPU.ActiveCfg = Debug|Any CPU
		{C11C7B73-FDAA-4AEE-9238-4A1376893F5B}.Debug|Any CPU.Build.0 = Debug|Any CPU
		{C11C7B73-FDAA-4AEE-9238-4A1376893F5B}.Debug|Mixed Platforms.ActiveCfg = Debug|Any CPU
		{C11C7B73-FDAA-4AEE-9238-4A1376893F5B}.Debug|Mixed Platforms.Build.0 = Debug|Any CPU
		{C11C7B73-FDAA-4AEE-9238-4A1376893F5B}.Debug|x86.ActiveCfg = Debug|Any CPU
		{C11C7B73-FDAA-4AEE-9238-4A1376893F5B}.Debug|x86.Build.0 = Debug|Any CPU
		{C11C7B73-FDAA-4AEE-9238-4A1376893F5B}.Release|Any CPU.ActiveCfg = Release|Any CPU
		{C11C7B73-FDAA-4AEE-9238-4A1376893F5B}.Release|Any CPU.Build.0 = Release|Any CPU
		{C11C7B73-FDAA-4AEE-9238-4A1376893F5B}.Release|Mixed Platforms.ActiveCfg = Release|Any CPU
		{C11C7B73-FDAA-4AEE-9238-4A1376893F5B}.Release|Mixed Platforms.Build.0 = Release|Any CPU
		{C11C7B73-FDAA-4AEE-9238-4A1376893F5B}.Release|x86.ActiveCfg = Release|Any CPU
		{C11C7B73-FDAA-4AEE-9238-4A1376893F5B}.Release|x86.Build.0 = Release|Any CPU
		{491D8FA8-29B7-4AD9-BABF-7596D2E33D4B}.Debug|Any CPU.ActiveCfg = Debug|Any CPU
		{491D8FA8-29B7-4AD9-BABF-7596D2E33D4B}.Debug|Any CPU.Build.0 = Debug|Any CPU
		{491D8FA8-29B7-4AD9-BABF-7596D2E33D4B}.Debug|Mixed Platforms.ActiveCfg = Debug|Any CPU
		{491D8FA8-29B7-4AD9-BABF-7596D2E33D4B}.Debug|Mixed Platforms.Build.0 = Debug|Any CPU
		{491D8FA8-29B7-4AD9-BABF-7596D2E33D4B}.Debug|x86.ActiveCfg = Debug|Any CPU
		{491D8FA8-29B7-4AD9-BABF-7596D2E33D4B}.Debug|x86.Build.0 = Debug|Any CPU
		{491D8FA8-29B7-4AD9-BABF-7596D2E33D4B}.Release|Any CPU.ActiveCfg = Release|Any CPU
		{491D8FA8-29B7-4AD9-BABF-7596D2E33D4B}.Release|Any CPU.Build.0 = Release|Any CPU
		{491D8FA8-29B7-4AD9-BABF-7596D2E33D4B}.Release|Mixed Platforms.ActiveCfg = Release|Any CPU
		{491D8FA8-29B7-4AD9-BABF-7596D2E33D4B}.Release|Mixed Platforms.Build.0 = Release|Any CPU
		{491D8FA8-29B7-4AD9-BABF-7596D2E33D4B}.Release|x86.ActiveCfg = Release|Any CPU
		{491D8FA8-29B7-4AD9-BABF-7596D2E33D4B}.Release|x86.Build.0 = Release|Any CPU
		{61845510-8AA3-4C03-9CC5-1AF252745B34}.Debug|Any CPU.ActiveCfg = Debug|Any CPU
		{61845510-8AA3-4C03-9CC5-1AF252745B34}.Debug|Any CPU.Build.0 = Debug|Any CPU
		{61845510-8AA3-4C03-9CC5-1AF252745B34}.Debug|Mixed Platforms.ActiveCfg = Debug|Any CPU
		{61845510-8AA3-4C03-9CC5-1AF252745B34}.Debug|Mixed Platforms.Build.0 = Debug|Any CPU
		{61845510-8AA3-4C03-9CC5-1AF252745B34}.Debug|x86.ActiveCfg = Debug|Any CPU
		{61845510-8AA3-4C03-9CC5-1AF252745B34}.Debug|x86.Build.0 = Debug|Any CPU
		{61845510-8AA3-4C03-9CC5-1AF252745B34}.Release|Any CPU.ActiveCfg = Release|Any CPU
		{61845510-8AA3-4C03-9CC5-1AF252745B34}.Release|Any CPU.Build.0 = Release|Any CPU
		{61845510-8AA3-4C03-9CC5-1AF252745B34}.Release|Mixed Platforms.ActiveCfg = Release|Any CPU
		{61845510-8AA3-4C03-9CC5-1AF252745B34}.Release|Mixed Platforms.Build.0 = Release|Any CPU
		{61845510-8AA3-4C03-9CC5-1AF252745B34}.Release|x86.ActiveCfg = Release|Any CPU
		{61845510-8AA3-4C03-9CC5-1AF252745B34}.Release|x86.Build.0 = Release|Any CPU
	EndGlobalSection
	GlobalSection(SolutionProperties) = preSolution
		HideSolutionNode = FALSE
	EndGlobalSection
	GlobalSection(NestedProjects) = preSolution
		{40646B2A-2032-4B77-BB55-721B958FD182} = {D2F52F6F-21C8-4A50-81B4-757875F3908E}
		{59733D5F-E09C-4689-A7D7-D0360C109EF7} = {0F171D2F-5C68-4027-B3D5-E2995D21A771}
		{CAD6F20E-DFF0-47ED-9601-37C145B2F30D} = {D2F52F6F-21C8-4A50-81B4-757875F3908E}
		{34F3ED22-0E33-4D51-BFB8-A57F06C0ACE4} = {D2F52F6F-21C8-4A50-81B4-757875F3908E}
		{E02F8C9A-9FCA-4A2F-BB75-41E17B03EDCB} = {D2F52F6F-21C8-4A50-81B4-757875F3908E}
		{822D0F3F-AEB9-4EA0-AFC2-A742EDB4C0E5} = {0F171D2F-5C68-4027-B3D5-E2995D21A771}
		{A33B573B-3A93-44B7-8D6B-E793609E1E99} = {0F171D2F-5C68-4027-B3D5-E2995D21A771}
		{72D923FC-618A-4AA8-85D3-4232EBCFB9BE} = {0F171D2F-5C68-4027-B3D5-E2995D21A771}
		{52E6E653-4A04-4EB6-9B7A-D8D2665FD2EF} = {0F171D2F-5C68-4027-B3D5-E2995D21A771}
		{5FC80113-CFD4-4A4F-9F19-98DD575B5BED} = {0F171D2F-5C68-4027-B3D5-E2995D21A771}
		{C8BC3B14-AFF3-4EA8-BA4D-28812C6F9128} = {D2F52F6F-21C8-4A50-81B4-757875F3908E}
		{8C05B8A9-5E13-4277-B19D-95F53510E33E} = {0F171D2F-5C68-4027-B3D5-E2995D21A771}
		{DDAC856D-FFD2-4E1F-8437-35C01496184B} = {D2F52F6F-21C8-4A50-81B4-757875F3908E}
		{9AC0FF07-1029-4BA2-AC4C-C1F631021055} = {DDAC856D-FFD2-4E1F-8437-35C01496184B}
		{BC2EF941-B8B5-4C84-B48D-961FC21A94E3} = {DDAC856D-FFD2-4E1F-8437-35C01496184B}
		{4DDB8E12-0B58-4952-9FC0-C93544EC6A7C} = {0F171D2F-5C68-4027-B3D5-E2995D21A771}
		{C11C7B73-FDAA-4AEE-9238-4A1376893F5B} = {DDAC856D-FFD2-4E1F-8437-35C01496184B}
		{491D8FA8-29B7-4AD9-BABF-7596D2E33D4B} = {4DDB8E12-0B58-4952-9FC0-C93544EC6A7C}
		{61845510-8AA3-4C03-9CC5-1AF252745B34} = {DDAC856D-FFD2-4E1F-8437-35C01496184B}
	EndGlobalSection
	GlobalSection(ExtensibilityGlobals) = postSolution
		SolutionGuid = {C5D2B4D3-BA0C-4432-BA5E-AB59AEA8E759}
	EndGlobalSection
EndGlobal
